
Microsoft Visual Studio Solution File, Format Version 12.00
# Visual Studio Version 17
VisualStudioVersion = 17.0.31903.59
MinimumVisualStudioVersion = 10.0.40219.1
Project("{FAE04EC0-301F-11D3-BF4B-00C04F79EFBC}") = "Des_int", "Des_int\Des_int.csproj", "{8E39EBFF-CD49-4450-9F99-CDF184B042C0}"
EndProject
Project("{FAE04EC0-301F-11D3-BF4B-00C04F79EFBC}") = "tarea1", "tarea1\tarea1.csproj", "{3EBB2B3A-EC36-47B7-A3CF-77E131AD8ADA}"
EndProject
Project("{FAE04EC0-301F-11D3-BF4B-00C04F79EFBC}") = "tarea2", "tarea2\tarea2.csproj", "{B70531C8-1F09-4A24-A3D6-3791D75B2A82}"
EndProject
Project("{FAE04EC0-301F-11D3-BF4B-00C04F79EFBC}") = "tarea3", "tarea3\tarea3.csproj", "{A6B0B927-DD66-45A2-B813-6084B61B4586}"
EndProject
Project("{FAE04EC0-301F-11D3-BF4B-00C04F79EFBC}") = "tarea4", "tarea4\tarea4.csproj", "{479B5EBA-C9DC-4F5F-915E-73654AD504B0}"
EndProject
Project("{FAE04EC0-301F-11D3-BF4B-00C04F79EFBC}") = "tarea5", "tarea5\tarea5.csproj", "{E77617B5-E1E2-4264-8AC9-DFEDE5883E74}"
EndProject
Project("{FAE04EC0-301F-11D3-BF4B-00C04F79EFBC}") = "tarea6", "tarea6\tarea6.csproj", "{930AD1F6-879A-4A06-A8F7-BEBFEA3ACB95}"
EndProject
Project("{FAE04EC0-301F-11D3-BF4B-00C04F79EFBC}") = "tarea7", "tarea7\tarea7.csproj", "{95623B95-12BA-4BE2-BA77-A5AF1EC7D977}"
EndProject
Global
	GlobalSection(SolutionConfigurationPlatforms) = preSolution
		Debug|Any CPU = Debug|Any CPU
		Debug|x64 = Debug|x64
		Debug|x86 = Debug|x86
		Release|Any CPU = Release|Any CPU
		Release|x64 = Release|x64
		Release|x86 = Release|x86
	EndGlobalSection
	GlobalSection(ProjectConfigurationPlatforms) = postSolution
		{8E39EBFF-CD49-4450-9F99-CDF184B042C0}.Debug|Any CPU.ActiveCfg = Debug|Any CPU
		{8E39EBFF-CD49-4450-9F99-CDF184B042C0}.Debug|Any CPU.Build.0 = Debug|Any CPU
		{8E39EBFF-CD49-4450-9F99-CDF184B042C0}.Debug|x64.ActiveCfg = Debug|Any CPU
		{8E39EBFF-CD49-4450-9F99-CDF184B042C0}.Debug|x64.Build.0 = Debug|Any CPU
		{8E39EBFF-CD49-4450-9F99-CDF184B042C0}.Debug|x86.ActiveCfg = Debug|Any CPU
		{8E39EBFF-CD49-4450-9F99-CDF184B042C0}.Debug|x86.Build.0 = Debug|Any CPU
		{8E39EBFF-CD49-4450-9F99-CDF184B042C0}.Release|Any CPU.ActiveCfg = Release|Any CPU
		{8E39EBFF-CD49-4450-9F99-CDF184B042C0}.Release|Any CPU.Build.0 = Release|Any CPU
		{8E39EBFF-CD49-4450-9F99-CDF184B042C0}.Release|x64.ActiveCfg = Release|Any CPU
		{8E39EBFF-CD49-4450-9F99-CDF184B042C0}.Release|x64.Build.0 = Release|Any CPU
		{8E39EBFF-CD49-4450-9F99-CDF184B042C0}.Release|x86.ActiveCfg = Release|Any CPU
		{8E39EBFF-CD49-4450-9F99-CDF184B042C0}.Release|x86.Build.0 = Release|Any CPU
		{3EBB2B3A-EC36-47B7-A3CF-77E131AD8ADA}.Debug|Any CPU.ActiveCfg = Debug|Any CPU
		{3EBB2B3A-EC36-47B7-A3CF-77E131AD8ADA}.Debug|Any CPU.Build.0 = Debug|Any CPU
		{3EBB2B3A-EC36-47B7-A3CF-77E131AD8ADA}.Debug|x64.ActiveCfg = Debug|Any CPU
		{3EBB2B3A-EC36-47B7-A3CF-77E131AD8ADA}.Debug|x64.Build.0 = Debug|Any CPU
		{3EBB2B3A-EC36-47B7-A3CF-77E131AD8ADA}.Debug|x86.ActiveCfg = Debug|Any CPU
		{3EBB2B3A-EC36-47B7-A3CF-77E131AD8ADA}.Debug|x86.Build.0 = Debug|Any CPU
		{3EBB2B3A-EC36-47B7-A3CF-77E131AD8ADA}.Release|Any CPU.ActiveCfg = Release|Any CPU
		{3EBB2B3A-EC36-47B7-A3CF-77E131AD8ADA}.Release|Any CPU.Build.0 = Release|Any CPU
		{3EBB2B3A-EC36-47B7-A3CF-77E131AD8ADA}.Release|x64.ActiveCfg = Release|Any CPU
		{3EBB2B3A-EC36-47B7-A3CF-77E131AD8ADA}.Release|x64.Build.0 = Release|Any CPU
		{3EBB2B3A-EC36-47B7-A3CF-77E131AD8ADA}.Release|x86.ActiveCfg = Release|Any CPU
		{3EBB2B3A-EC36-47B7-A3CF-77E131AD8ADA}.Release|x86.Build.0 = Release|Any CPU
		{B70531C8-1F09-4A24-A3D6-3791D75B2A82}.Debug|Any CPU.ActiveCfg = Debug|Any CPU
		{B70531C8-1F09-4A24-A3D6-3791D75B2A82}.Debug|Any CPU.Build.0 = Debug|Any CPU
		{B70531C8-1F09-4A24-A3D6-3791D75B2A82}.Debug|x64.ActiveCfg = Debug|Any CPU
		{B70531C8-1F09-4A24-A3D6-3791D75B2A82}.Debug|x64.Build.0 = Debug|Any CPU
		{B70531C8-1F09-4A24-A3D6-3791D75B2A82}.Debug|x86.ActiveCfg = Debug|Any CPU
		{B70531C8-1F09-4A24-A3D6-3791D75B2A82}.Debug|x86.Build.0 = Debug|Any CPU
		{B70531C8-1F09-4A24-A3D6-3791D75B2A82}.Release|Any CPU.ActiveCfg = Release|Any CPU
		{B70531C8-1F09-4A24-A3D6-3791D75B2A82}.Release|Any CPU.Build.0 = Release|Any CPU
		{B70531C8-1F09-4A24-A3D6-3791D75B2A82}.Release|x64.ActiveCfg = Release|Any CPU
		{B70531C8-1F09-4A24-A3D6-3791D75B2A82}.Release|x64.Build.0 = Release|Any CPU
		{B70531C8-1F09-4A24-A3D6-3791D75B2A82}.Release|x86.ActiveCfg = Release|Any CPU
		{B70531C8-1F09-4A24-A3D6-3791D75B2A82}.Release|x86.Build.0 = Release|Any CPU
		{A6B0B927-DD66-45A2-B813-6084B61B4586}.Debug|Any CPU.ActiveCfg = Debug|Any CPU
		{A6B0B927-DD66-45A2-B813-6084B61B4586}.Debug|Any CPU.Build.0 = Debug|Any CPU
		{A6B0B927-DD66-45A2-B813-6084B61B4586}.Debug|x64.ActiveCfg = Debug|Any CPU
		{A6B0B927-DD66-45A2-B813-6084B61B4586}.Debug|x64.Build.0 = Debug|Any CPU
		{A6B0B927-DD66-45A2-B813-6084B61B4586}.Debug|x86.ActiveCfg = Debug|Any CPU
		{A6B0B927-DD66-45A2-B813-6084B61B4586}.Debug|x86.Build.0 = Debug|Any CPU
		{A6B0B927-DD66-45A2-B813-6084B61B4586}.Release|Any CPU.ActiveCfg = Release|Any CPU
		{A6B0B927-DD66-45A2-B813-6084B61B4586}.Release|Any CPU.Build.0 = Release|Any CPU
		{A6B0B927-DD66-45A2-B813-6084B61B4586}.Release|x64.ActiveCfg = Release|Any CPU
		{A6B0B927-DD66-45A2-B813-6084B61B4586}.Release|x64.Build.0 = Release|Any CPU
		{A6B0B927-DD66-45A2-B813-6084B61B4586}.Release|x86.ActiveCfg = Release|Any CPU
		{A6B0B927-DD66-45A2-B813-6084B61B4586}.Release|x86.Build.0 = Release|Any CPU
		{479B5EBA-C9DC-4F5F-915E-73654AD504B0}.Debug|Any CPU.ActiveCfg = Debug|Any CPU
		{479B5EBA-C9DC-4F5F-915E-73654AD504B0}.Debug|Any CPU.Build.0 = Debug|Any CPU
		{479B5EBA-C9DC-4F5F-915E-73654AD504B0}.Debug|x64.ActiveCfg = Debug|Any CPU
		{479B5EBA-C9DC-4F5F-915E-73654AD504B0}.Debug|x64.Build.0 = Debug|Any CPU
		{479B5EBA-C9DC-4F5F-915E-73654AD504B0}.Debug|x86.ActiveCfg = Debug|Any CPU
		{479B5EBA-C9DC-4F5F-915E-73654AD504B0}.Debug|x86.Build.0 = Debug|Any CPU
		{479B5EBA-C9DC-4F5F-915E-73654AD504B0}.Release|Any CPU.ActiveCfg = Release|Any CPU
		{479B5EBA-C9DC-4F5F-915E-73654AD504B0}.Release|Any CPU.Build.0 = Release|Any CPU
		{479B5EBA-C9DC-4F5F-915E-73654AD504B0}.Release|x64.ActiveCfg = Release|Any CPU
		{479B5EBA-C9DC-4F5F-915E-73654AD504B0}.Release|x64.Build.0 = Release|Any CPU
		{479B5EBA-C9DC-4F5F-915E-73654AD504B0}.Release|x86.ActiveCfg = Release|Any CPU
		{479B5EBA-C9DC-4F5F-915E-73654AD504B0}.Release|x86.Build.0 = Release|Any CPU
		{E77617B5-E1E2-4264-8AC9-DFEDE5883E74}.Debug|Any CPU.ActiveCfg = Debug|Any CPU
		{E77617B5-E1E2-4264-8AC9-DFEDE5883E74}.Debug|Any CPU.Build.0 = Debug|Any CPU
		{E77617B5-E1E2-4264-8AC9-DFEDE5883E74}.Debug|x64.ActiveCfg = Debug|Any CPU
		{E77617B5-E1E2-4264-8AC9-DFEDE5883E74}.Debug|x64.Build.0 = Debug|Any CPU
		{E77617B5-E1E2-4264-8AC9-DFEDE5883E74}.Debug|x86.ActiveCfg = Debug|Any CPU
		{E77617B5-E1E2-4264-8AC9-DFEDE5883E74}.Debug|x86.Build.0 = Debug|Any CPU
		{E77617B5-E1E2-4264-8AC9-DFEDE5883E74}.Release|Any CPU.ActiveCfg = Release|Any CPU
		{E77617B5-E1E2-4264-8AC9-DFEDE5883E74}.Release|Any CPU.Build.0 = Release|Any CPU
		{E77617B5-E1E2-4264-8AC9-DFEDE5883E74}.Release|x64.ActiveCfg = Release|Any CPU
		{E77617B5-E1E2-4264-8AC9-DFEDE5883E74}.Release|x64.Build.0 = Release|Any CPU
		{E77617B5-E1E2-4264-8AC9-DFEDE5883E74}.Release|x86.ActiveCfg = Release|Any CPU
		{E77617B5-E1E2-4264-8AC9-DFEDE5883E74}.Release|x86.Build.0 = Release|Any CPU
		{930AD1F6-879A-4A06-A8F7-BEBFEA3ACB95}.Debug|Any CPU.ActiveCfg = Debug|Any CPU
		{930AD1F6-879A-4A06-A8F7-BEBFEA3ACB95}.Debug|Any CPU.Build.0 = Debug|Any CPU
		{930AD1F6-879A-4A06-A8F7-BEBFEA3ACB95}.Debug|x64.ActiveCfg = Debug|Any CPU
		{930AD1F6-879A-4A06-A8F7-BEBFEA3ACB95}.Debug|x64.Build.0 = Debug|Any CPU
		{930AD1F6-879A-4A06-A8F7-BEBFEA3ACB95}.Debug|x86.ActiveCfg = Debug|Any CPU
		{930AD1F6-879A-4A06-A8F7-BEBFEA3ACB95}.Debug|x86.Build.0 = Debug|Any CPU
		{930AD1F6-879A-4A06-A8F7-BEBFEA3ACB95}.Release|Any CPU.ActiveCfg = Release|Any CPU
		{930AD1F6-879A-4A06-A8F7-BEBFEA3ACB95}.Release|Any CPU.Build.0 = Release|Any CPU
		{930AD1F6-879A-4A06-A8F7-BEBFEA3ACB95}.Release|x64.ActiveCfg = Release|Any CPU
		{930AD1F6-879A-4A06-A8F7-BEBFEA3ACB95}.Release|x64.Build.0 = Release|Any CPU
		{930AD1F6-879A-4A06-A8F7-BEBFEA3ACB95}.Release|x86.ActiveCfg = Release|Any CPU
		{930AD1F6-879A-4A06-A8F7-BEBFEA3ACB95}.Release|x86.Build.0 = Release|Any CPU
		{95623B95-12BA-4BE2-BA77-A5AF1EC7D977}.Debug|Any CPU.ActiveCfg = Debug|Any CPU
		{95623B95-12BA-4BE2-BA77-A5AF1EC7D977}.Debug|Any CPU.Build.0 = Debug|Any CPU
		{95623B95-12BA-4BE2-BA77-A5AF1EC7D977}.Debug|x64.ActiveCfg = Debug|Any CPU
		{95623B95-12BA-4BE2-BA77-A5AF1EC7D977}.Debug|x64.Build.0 = Debug|Any CPU
		{95623B95-12BA-4BE2-BA77-A5AF1EC7D977}.Debug|x86.ActiveCfg = Debug|Any CPU
		{95623B95-12BA-4BE2-BA77-A5AF1EC7D977}.Debug|x86.Build.0 = Debug|Any CPU
		{95623B95-12BA-4BE2-BA77-A5AF1EC7D977}.Release|Any CPU.ActiveCfg = Release|Any CPU
		{95623B95-12BA-4BE2-BA77-A5AF1EC7D977}.Release|Any CPU.Build.0 = Release|Any CPU
		{95623B95-12BA-4BE2-BA77-A5AF1EC7D977}.Release|x64.ActiveCfg = Release|Any CPU
		{95623B95-12BA-4BE2-BA77-A5AF1EC7D977}.Release|x64.Build.0 = Release|Any CPU
		{95623B95-12BA-4BE2-BA77-A5AF1EC7D977}.Release|x86.ActiveCfg = Release|Any CPU
		{95623B95-12BA-4BE2-BA77-A5AF1EC7D977}.Release|x86.Build.0 = Release|Any CPU
	EndGlobalSection
	GlobalSection(SolutionProperties) = preSolution
		HideSolutionNode = FALSE
	EndGlobalSection
EndGlobal
